{
  "name": "xmind2reveal",
  "version": "0.0.0",
  "lockfileVersion": 1,
  "dependencies": {
    "commander": {
      "version": "2.9.0",
      "resolved": "https://registry.npmjs.org/commander/-/commander-2.9.0.tgz",
      "integrity": "sha1-nJkJQXbhIkDLItbFFGCYQA/g99Q="
    },
    "filesaver.js": {
      "version": "0.2.0",
      "resolved": "https://registry.npmjs.org/filesaver.js/-/filesaver.js-0.2.0.tgz",
      "integrity": "sha1-JlfcRx7Hjy1AXZ2gZs8DmlvmmAI="
    },
    "graceful-readlink": {
      "version": "1.0.1",
      "resolved": "https://registry.npmjs.org/graceful-readlink/-/graceful-readlink-1.0.1.tgz",
      "integrity": "sha1-TK+tdrxi8C+gObL5Tpo906ORpyU="
    },
    "jszip": {
      "version": "2.6.1",
      "resolved": "https://registry.npmjs.org/jszip/-/jszip-2.6.1.tgz",
      "integrity": "sha1-uI86ey5noqBIFSmCx6N1bZxIKPA="
    },
    "pako": {
      "version": "1.0.5",
      "resolved": "https://registry.npmjs.org/pako/-/pako-1.0.5.tgz",
      "integrity": "sha1-0iBd/ludqK95fnwWPbTR+E5GALw="
    },
    "reveal.js": {
      "version": "3.5.0",
      "resolved": "https://registry.npmjs.org/reveal.js/-/reveal.js-3.5.0.tgz",
      "integrity": "sha1-lVRZSa1oJjas7P2uoFzwyoktRC0="
    },
    "xmind": {
      "version": "0.5.0",
      "resolved": "https://registry.npmjs.org/xmind/-/xmind-0.5.0.tgz",
      "integrity": "sha1-uocyz8RLb/Zxk9nbQeLHpC75Mv0="
    },
    "xml-lite": {
      "version": "0.6.9",
      "resolved": "https://registry.npmjs.org/xml-lite/-/xml-lite-0.6.9.tgz",
      "integrity": "sha1-1HQ2TIQIswmAIDaT/wRPb57hsik="
    },
    "xmldom": {
      "version": "0.1.27",
      "resolved": "https://registry.npmjs.org/xmldom/-/xmldom-0.1.27.tgz",
      "integrity": "sha1-1QH5ezvbQDr4757MIFcxh6rawOk="
    },
    "zero-lang": {
      "version": "0.2.1",
      "resolved": "https://registry.npmjs.org/zero-lang/-/zero-lang-0.2.1.tgz",
      "integrity": "sha1-O8Ji3TOlRPc7/HmManpaqXhx0+E="
    }
  }
}
